<Solution>
  <Folder Name="/docs/">
    <File Path="docs/admin-backend-tasks.md" />
    <File Path="docs/calculator-history-product-direction.md" />
    <File Path="docs/handoff-phase-3-admin-layout.md" />
    <File Path="docs/handoff-phase-3.md" />
    <File Path="docs/implementation_plan.md" />
    <File Path="docs/market-data-design.md" />
    <File Path="docs/phase-1-schema-migration.md" />
    <File Path="docs/phase-2-roles-superadmin.md" />
    <File Path="docs/phase-2b-admin-identity-bootstrap.md" />
    <File Path="docs/phase-3-admin-layout.md" />
    <File Path="docs/phase-4-admin-datagrid.md" />
    <File Path="docs/phase-7-admin-user-management.md" />
  </Folder>
  <Folder Name="/Solution Items/">
    <File Path=".gitignore" />
  </Folder>
  <Project Path="OMM.Admin/OMM.Admin.csproj" />
  <Project Path="OMM.Public/OMM.Public.csproj" />
  <Project Path="OMM.Shared/OMM.Shared.csproj" />
</Solution>
